# This file is generated by running "yarn install" inside your project.
# Manual changes might be lost - proceed with caution!

__metadata:
  version: 6
  cacheKey: 8

"@esbuild/android-arm64@npm:0.18.17":
  version: 0.18.17
  resolution: "@esbuild/android-arm64@npm:0.18.17"
  conditions: os=android & cpu=arm64
  languageName: node
  linkType: hard

"@esbuild/android-arm@npm:0.18.17":
  version: 0.18.17
  resolution: "@esbuild/android-arm@npm:0.18.17"
  conditions: os=android & cpu=arm
  languageName: node
  linkType: hard

"@esbuild/android-x64@npm:0.18.17":
  version: 0.18.17
  resolution: "@esbuild/android-x64@npm:0.18.17"
  conditions: os=android & cpu=x64
  languageName: node
  linkType: hard

"@esbuild/darwin-arm64@npm:0.18.17":
  version: 0.18.17
  resolution: "@esbuild/darwin-arm64@npm:0.18.17"
  conditions: os=darwin & cpu=arm64
  languageName: node
  linkType: hard

"@esbuild/darwin-x64@npm:0.18.17":
  version: 0.18.17
  resolution: "@esbuild/darwin-x64@npm:0.18.17"
  conditions: os=darwin & cpu=x64
  languageName: node
  linkType: hard

"@esbuild/freebsd-arm64@npm:0.18.17":
  version: 0.18.17
  resolution: "@esbuild/freebsd-arm64@npm:0.18.17"
  conditions: os=freebsd & cpu=arm64
  languageName: node
  linkType: hard

"@esbuild/freebsd-x64@npm:0.18.17":
  version: 0.18.17
  resolution: "@esbuild/freebsd-x64@npm:0.18.17"
  conditions: os=freebsd & cpu=x64
  languageName: node
  linkType: hard

"@esbuild/linux-arm64@npm:0.18.17":
  version: 0.18.17
  resolution: "@esbuild/linux-arm64@npm:0.18.17"
  conditions: os=linux & cpu=arm64
  languageName: node
  linkType: hard

"@esbuild/linux-arm@npm:0.18.17":
  version: 0.18.17
  resolution: "@esbuild/linux-arm@npm:0.18.17"
  conditions: os=linux & cpu=arm
  languageName: node
  linkType: hard

"@esbuild/linux-ia32@npm:0.18.17":
  version: 0.18.17
  resolution: "@esbuild/linux-ia32@npm:0.18.17"
  conditions: os=linux & cpu=ia32
  languageName: node
  linkType: hard

"@esbuild/linux-loong64@npm:0.18.17":
  version: 0.18.17
  resolution: "@esbuild/linux-loong64@npm:0.18.17"
  conditions: os=linux & cpu=loong64
  languageName: node
  linkType: hard

"@esbuild/linux-mips64el@npm:0.18.17":
  version: 0.18.17
  resolution: "@esbuild/linux-mips64el@npm:0.18.17"
  conditions: os=linux & cpu=mips64el
  languageName: node
  linkType: hard

"@esbuild/linux-ppc64@npm:0.18.17":
  version: 0.18.17
  resolution: "@esbuild/linux-ppc64@npm:0.18.17"
  conditions: os=linux & cpu=ppc64
  languageName: node
  linkType: hard

"@esbuild/linux-riscv64@npm:0.18.17":
  version: 0.18.17
  resolution: "@esbuild/linux-riscv64@npm:0.18.17"
  conditions: os=linux & cpu=riscv64
  languageName: node
  linkType: hard

"@esbuild/linux-s390x@npm:0.18.17":
  version: 0.18.17
  resolution: "@esbuild/linux-s390x@npm:0.18.17"
  conditions: os=linux & cpu=s390x
  languageName: node
  linkType: hard

"@esbuild/linux-x64@npm:0.18.17":
  version: 0.18.17
  resolution: "@esbuild/linux-x64@npm:0.18.17"
  conditions: os=linux & cpu=x64
  languageName: node
  linkType: hard

"@esbuild/netbsd-x64@npm:0.18.17":
  version: 0.18.17
  resolution: "@esbuild/netbsd-x64@npm:0.18.17"
  conditions: os=netbsd & cpu=x64
  languageName: node
  linkType: hard

"@esbuild/openbsd-x64@npm:0.18.17":
  version: 0.18.17
  resolution: "@esbuild/openbsd-x64@npm:0.18.17"
  conditions: os=openbsd & cpu=x64
  languageName: node
  linkType: hard

"@esbuild/sunos-x64@npm:0.18.17":
  version: 0.18.17
  resolution: "@esbuild/sunos-x64@npm:0.18.17"
  conditions: os=sunos & cpu=x64
  languageName: node
  linkType: hard

"@esbuild/win32-arm64@npm:0.18.17":
  version: 0.18.17
  resolution: "@esbuild/win32-arm64@npm:0.18.17"
  conditions: os=win32 & cpu=arm64
  languageName: node
  linkType: hard

"@esbuild/win32-ia32@npm:0.18.17":
  version: 0.18.17
  resolution: "@esbuild/win32-ia32@npm:0.18.17"
  conditions: os=win32 & cpu=ia32
  languageName: node
  linkType: hard

"@esbuild/win32-x64@npm:0.18.17":
  version: 0.18.17
  resolution: "@esbuild/win32-x64@npm:0.18.17"
  conditions: os=win32 & cpu=x64
  languageName: node
  linkType: hard

"@types/prop-types@npm:*":
  version: 15.7.5
  resolution: "@types/prop-types@npm:15.7.5"
  checksum: 5b43b8b15415e1f298243165f1d44390403bb2bd42e662bca3b5b5633fdd39c938e91b7fce3a9483699db0f7a715d08cef220c121f723a634972fdf596aec980
  languageName: node
  linkType: hard

"@types/react-dom@npm:^17.0.11":
  version: 17.0.20
  resolution: "@types/react-dom@npm:17.0.20"
  dependencies:
    "@types/react": ^17
  checksum: 525439fb14a033fc5dbe74711ecc50ec82273a528df9656594066a6219401e975101dafffd15d9a1a57a9442d52ea0c92eaacae09554dde27cd792e773f67467
  languageName: node
  linkType: hard

"@types/react-dom@npm:^18.2.7":
  version: 18.2.7
  resolution: "@types/react-dom@npm:18.2.7"
  dependencies:
    "@types/react": "*"
  checksum: e02ea908289a7ad26053308248d2b87f6aeafd73d0e2de2a3d435947bcea0422599016ffd1c3e38ff36c42f5e1c87c7417f05b0a157e48649e4a02f21727d54f
  languageName: node
  linkType: hard

"@types/react@npm:*, @types/react@npm:^18.2.18":
  version: 18.2.18
  resolution: "@types/react@npm:18.2.18"
  dependencies:
    "@types/prop-types": "*"
    "@types/scheduler": "*"
    csstype: ^3.0.2
  checksum: 2e0d75de2b618e76780019e52478b1bec2b015a9187aea30f84518c0c3ddc639055bdfea50864aece937bad0cb0544d0100b80d30f5461e72fbc1c3c0be8b140
  languageName: node
  linkType: hard

"@types/react@npm:^17, @types/react@npm:^17.0.38":
  version: 17.0.62
  resolution: "@types/react@npm:17.0.62"
  dependencies:
    "@types/prop-types": "*"
    "@types/scheduler": "*"
    csstype: ^3.0.2
  checksum: 428a5aff44824ef504e9a9259b5894fe44a5db1c344b536990f07e132900ff5b34cbef0be77a84f30f37be1f88fc8b56dce328f568de8d65de3bfe414c05b2e1
  languageName: node
  linkType: hard

"@types/scheduler@npm:*":
  version: 0.16.3
  resolution: "@types/scheduler@npm:0.16.3"
  checksum: 2b0aec39c24268e3ce938c5db2f2e77f5c3dd280e05c262d9c2fe7d890929e4632a6b8e94334017b66b45e4f92a5aa42ba3356640c2a1175fa37bef2f5200767
  languageName: node
  linkType: hard

"csstype@npm:^3.0.2":
  version: 3.1.2
  resolution: "csstype@npm:3.1.2"
  checksum: e1a52e6c25c1314d6beef5168da704ab29c5186b877c07d822bd0806717d9a265e8493a2e35ca7e68d0f5d472d43fac1cdce70fd79fd0853dff81f3028d857b5
  languageName: node
  linkType: hard

"esbuild-plugin-external-global@npm:^1.0.1":
  version: 1.0.1
  resolution: "esbuild-plugin-external-global@npm:1.0.1"
  checksum: 1099344af77e8473bad983d98d4172e5e526ed7c7ecb0bb08e46a97967891befd9e9f403275d0043b4e22da3e6b250adaf85f1435f44bae0d6377894889536e6
  languageName: node
  linkType: hard

"esbuild@npm:^0.18.17":
  version: 0.18.17
  resolution: "esbuild@npm:0.18.17"
  dependencies:
    "@esbuild/android-arm": 0.18.17
    "@esbuild/android-arm64": 0.18.17
    "@esbuild/android-x64": 0.18.17
    "@esbuild/darwin-arm64": 0.18.17
    "@esbuild/darwin-x64": 0.18.17
    "@esbuild/freebsd-arm64": 0.18.17
    "@esbuild/freebsd-x64": 0.18.17
    "@esbuild/linux-arm": 0.18.17
    "@esbuild/linux-arm64": 0.18.17
    "@esbuild/linux-ia32": 0.18.17
    "@esbuild/linux-loong64": 0.18.17
    "@esbuild/linux-mips64el": 0.18.17
    "@esbuild/linux-ppc64": 0.18.17
    "@esbuild/linux-riscv64": 0.18.17
    "@esbuild/linux-s390x": 0.18.17
    "@esbuild/linux-x64": 0.18.17
    "@esbuild/netbsd-x64": 0.18.17
    "@esbuild/openbsd-x64": 0.18.17
    "@esbuild/sunos-x64": 0.18.17
    "@esbuild/win32-arm64": 0.18.17
    "@esbuild/win32-ia32": 0.18.17
    "@esbuild/win32-x64": 0.18.17
  dependenciesMeta:
    "@esbuild/android-arm":
      optional: true
    "@esbuild/android-arm64":
      optional: true
    "@esbuild/android-x64":
      optional: true
    "@esbuild/darwin-arm64":
      optional: true
    "@esbuild/darwin-x64":
      optional: true
    "@esbuild/freebsd-arm64":
      optional: true
    "@esbuild/freebsd-x64":
      optional: true
    "@esbuild/linux-arm":
      optional: true
    "@esbuild/linux-arm64":
      optional: true
    "@esbuild/linux-ia32":
      optional: true
    "@esbuild/linux-loong64":
      optional: true
    "@esbuild/linux-mips64el":
      optional: true
    "@esbuild/linux-ppc64":
      optional: true
    "@esbuild/linux-riscv64":
      optional: true
    "@esbuild/linux-s390x":
      optional: true
    "@esbuild/linux-x64":
      optional: true
    "@esbuild/netbsd-x64":
      optional: true
    "@esbuild/openbsd-x64":
      optional: true
    "@esbuild/sunos-x64":
      optional: true
    "@esbuild/win32-arm64":
      optional: true
    "@esbuild/win32-ia32":
      optional: true
    "@esbuild/win32-x64":
      optional: true
  bin:
    esbuild: bin/esbuild
  checksum: c6e1ffa776978a45697763a07ec9b16411db3d3b3997b2c4a0165a211727fce8b63b87165a28d8ef60d3a28b98197bbbc2833e51b89888a4437e0a483dffc8ff
  languageName: node
  linkType: hard

"fp-ts-std@npm:^0.17.1":
  version: 0.17.1
  resolution: "fp-ts-std@npm:0.17.1"
  peerDependencies:
    fp-ts: ^2.16.0
    monocle-ts: ^2.3.0
    newtype-ts: ^0.3.0
  checksum: c9e2cba727f5e728608017d923d36e2833517c6bd7f2cb5b6d06a5c5392fbf5d735a181b35018433bfe6890d4c28ef347fbb33ca8479bb14deba83f0fa1c7163
  languageName: node
  linkType: hard

"fp-ts@npm:^2.16.1":
  version: 2.16.1
  resolution: "fp-ts@npm:2.16.1"
  checksum: 94e8bb1d037fdc44414ac93bbabecc3f94fb798d6564e77427ae2ecfa0f77681ec35968598d7b0cbf8274566469c7b42e8727390eb889e1121c199341939c2a3
  languageName: node
  linkType: hard

"monocle-ts@npm:^2.3.13":
  version: 2.3.13
  resolution: "monocle-ts@npm:2.3.13"
  peerDependencies:
    fp-ts: ^2.5.0
  checksum: dddfa5706fe1fdb068606f5ac5215a00e723d155407de491bb53591264e281ec0ea1735759db93686d9daf676b105660bf2c656ebcd51626a4bfbb8de9accb3c
  languageName: node
  linkType: hard

"newtype-ts@npm:^0.3.5":
  version: 0.3.5
  resolution: "newtype-ts@npm:0.3.5"
  peerDependencies:
    fp-ts: ^2.0.0
    monocle-ts: ^2.0.0
  checksum: 3168c0386313156f4ecf9160eec48d5506aa372d3406f6a05fde9f75b8f9549b149dea53574e9b2f201190c01fe49af8c9554481b319f0b616a4413f89af3d16
  languageName: node
  linkType: hard

"root-workspace-0b6124@workspace:.":
  version: 0.0.0-use.local
  resolution: "root-workspace-0b6124@workspace:."
  dependencies:
    "@types/react": ^18.2.18
    "@types/react-dom": ^18.2.7
    esbuild: ^0.18.17
    esbuild-plugin-external-global: ^1.0.1
    fp-ts: ^2.16.1
    fp-ts-std: ^0.17.1
    monocle-ts: ^2.3.13
    newtype-ts: ^0.3.5
    spcr-settings: ^1.2.0
    typescript: ^5.1.6
  languageName: unknown
  linkType: soft

"spcr-settings@npm:^1.2.0":
  version: 1.2.0
  resolution: "spcr-settings@npm:1.2.0"
  dependencies:
    "@types/react": ^17.0.38
    "@types/react-dom": ^17.0.11
  checksum: a422be2118166dfeb015d49b1fef4018d3f3e9146688e771fba76b90cf681ffbe3ecaf23c3e3b545185860bc86e36023dee0de40ca9a08f1bf3a605fed64ddf1
  languageName: node
  linkType: hard

"typescript@npm:^5.1.6":
  version: 5.1.6
  resolution: "typescript@npm:5.1.6"
  bin:
    tsc: bin/tsc
    tsserver: bin/tsserver
  checksum: b2f2c35096035fe1f5facd1e38922ccb8558996331405eb00a5111cc948b2e733163cc22fab5db46992aba7dd520fff637f2c1df4996ff0e134e77d3249a7350
  languageName: node
  linkType: hard

"typescript@patch:typescript@^5.1.6#~builtin<compat/typescript>":
  version: 5.1.6
  resolution: "typescript@patch:typescript@npm%3A5.1.6#~builtin<compat/typescript>::version=5.1.6&hash=5da071"
  bin:
    tsc: bin/tsc
    tsserver: bin/tsserver
  checksum: f53bfe97f7c8b2b6d23cf572750d4e7d1e0c5fff1c36d859d0ec84556a827b8785077bc27676bf7e71fae538e517c3ecc0f37e7f593be913d884805d931bc8be
  languageName: node
  linkType: hard
